
Microsoft Visual Studio Solution File, Format Version 12.00
# Visual Studio 15
Project("{FAE04EC0-301F-11D3-BF4B-00C04F79EFBC}") = "Assembly-CSharp-Editor", "Assembly-CSharp-Editor.csproj", "{F61F0AF3-58F5-551B-A808-9F7A58D717EB}"
EndProject
Project("{FAE04EC0-301F-11D3-BF4B-00C04F79EFBC}") = "Assembly-CSharp", "Assembly-CSharp.csproj", "{0CCF45F9-9BF9-2CD7-63DE-ED1F4106CBC3}"
EndProject
Global
	GlobalSection(SolutionConfigurationPlatforms) = preSolution
		Debug|Any CPU = Debug|Any CPU
		Release|Any CPU = Release|Any CPU
	EndGlobalSection
	GlobalSection(ProjectConfigurationPlatforms) = postSolution
		{F61F0AF3-58F5-551B-A808-9F7A58D717EB}.Debug|Any CPU.ActiveCfg = Debug|Any CPU
		{F61F0AF3-58F5-551B-A808-9F7A58D717EB}.Debug|Any CPU.Build.0 = Debug|Any CPU
		{F61F0AF3-58F5-551B-A808-9F7A58D717EB}.Release|Any CPU.ActiveCfg = Release|Any CPU
		{F61F0AF3-58F5-551B-A808-9F7A58D717EB}.Release|Any CPU.Build.0 = Release|Any CPU
		{0CCF45F9-9BF9-2CD7-63DE-ED1F4106CBC3}.Debug|Any CPU.ActiveCfg = Debug|Any CPU
		{0CCF45F9-9BF9-2CD7-63DE-ED1F4106CBC3}.Debug|Any CPU.Build.0 = Debug|Any CPU
		{0CCF45F9-9BF9-2CD7-63DE-ED1F4106CBC3}.Release|Any CPU.ActiveCfg = Release|Any CPU
		{0CCF45F9-9BF9-2CD7-63DE-ED1F4106CBC3}.Release|Any CPU.Build.0 = Release|Any CPU
	EndGlobalSection
	GlobalSection(SolutionProperties) = preSolution
		HideSolutionNode = FALSE
	EndGlobalSection
EndGlobal
